version = 1
revision = 3
requires-python = ">=3.9, <4"
resolution-markers = [
    "python_full_version >= '3.10'",
    "python_full_version < '3.10'",
]

[[package]]
name = "bitfactory"
version = "0.3.0"
source = { editable = "." }

[package.dev-dependencies]
dev = [
    { name = "mypy" },
    { name = "pytest" },
    { name = "pytest-cov" },
    { name = "ruff" },
]

[package.metadata]

[package.metadata.requires-dev]
dev = [
    { name = "mypy", specifier = ">=1.5.1,<2" },
    { name = "pytest", specifier = ">=7.4.2,<8" },
    { name = "pytest-cov", specifier = ">=4.1.0,<5" },
    { name = "ruff", specifier = ">=0.4.0" },
]

[[package]]
name = "colorama"
version = "0.4.6"
source = { registry = "https://pypi.org/simple" }
sdist = { url = "https://files.pythonhosted.org/packages/d8/53/6f443c9a4a8358a93a6792e2acffb9d9d5cb0a5cfd8802644b7b1c9a02e4/colorama-0.4.6.tar.gz", hash = "sha256:08695f5cb7ed6e0531a20572697297273c47b8cae5a63ffc6d6ed5c201be6e44", size = 27697, upload-time = "2022-10-25T02:36:22.414Z" }
wheels = [
    { url = "https://files.pythonhosted.org/packages/d1/d6/3965ed04c63042e047cb6a3e6ed1a63a35087b6a609aa3a15ed8ac56c221/colorama-0.4.6-py2.py3-none-any.whl", hash = "sha256:4f1d9991f5acc0ca119f9d443620b77f9d6b33703e51011c16baf57afb285fc6", size = 25335, upload-time = "2022-10-25T02:36:20.889Z" },
]

[[package]]
name = "coverage"
version = "7.3.2"
source = { registry = "https://pypi.org/simple" }
sdist = { url = "https://files.pythonhosted.org/packages/57/44/ecd5442163c53f333bfcd2e7f428457a68b008a4b65d436a64b1db362451/coverage-7.3.2.tar.gz", hash = "sha256:be32ad29341b0170e795ca590e1c07e81fc061cb5b10c74ce7203491484404ef", size = 764541, upload-time = "2023-10-02T18:21:42.513Z" }
wheels = [
    { url = "https://files.pythonhosted.org/packages/58/30/a4760aa441c06ba2977ba71520dda15a1918c2254ece5faf7de2716d7489/coverage-7.3.2-cp310-cp310-macosx_10_9_x86_64.whl", hash = "sha256:d872145f3a3231a5f20fd48500274d7df222e291d90baa2026cc5152b7ce86bf", size = 199821, upload-time = "2023-10-02T18:19:56.664Z" },
    { url = "https://files.pythonhosted.org/packages/5e/a2/552abe631e1293dbf7d679f602f75135e26f33f1537b8dc1229f3ebba624/coverage-7.3.2-cp310-cp310-macosx_11_0_arm64.whl", hash = "sha256:310b3bb9c91ea66d59c53fa4989f57d2436e08f18fb2f421a1b0b6b8cc7fffda", size = 200190, upload-time = "2023-10-02T18:19:59.106Z" },
    { url = "https://files.pythonhosted.org/packages/f2/60/9965e385c8492ace75c127a388c652de36d0fef6c36df7ab85accb77bc8b/coverage-7.3.2-cp310-cp310-manylinux_2_17_aarch64.manylinux2014_aarch64.whl", hash = "sha256:f47d39359e2c3779c5331fc740cf4bce6d9d680a7b4b4ead97056a0ae07cb49a", size = 228418, upload-time = "2023-10-02T18:20:01.657Z" },
    { url = "https://files.pythonhosted.org/packages/68/f3/25503b77aad111fc8dbd22fedec134fa601eea48b6f8827ae1314db8b4a2/coverage-7.3.2-cp310-cp310-manylinux_2_5_i686.manylinux1_i686.manylinux_2_17_i686.manylinux2014_i686.whl", hash = "sha256:aa72dbaf2c2068404b9870d93436e6d23addd8bbe9295f49cbca83f6e278179c", size = 226700, upload-time = "2023-10-02T18:20:04.373Z" },
    { url = "https://files.pythonhosted.org/packages/7d/c1/46a0a53b0dfa4c389c81290e3be9e5205d45003863565aa83d264cae4463/coverage-7.3.2-cp310-cp310-manylinux_2_5_x86_64.manylinux1_x86_64.manylinux_2_17_x86_64.manylinux2014_x86_64.whl", hash = "sha256:beaa5c1b4777f03fc63dfd2a6bd820f73f036bfb10e925fce067b00a340d0f3f", size = 227492, upload-time = "2023-10-02T18:20:06.765Z" },
    { url = "https://files.pythonhosted.org/packages/59/c0/639a22f096088ee964d42dc02deba275ab5574c631e54040ae07332ea560/coverage-7.3.2-cp310-cp310-musllinux_1_1_aarch64.whl", hash = "sha256:dbc1b46b92186cc8074fee9d9fbb97a9dd06c6cbbef391c2f59d80eabdf0faa6", size = 233558, upload-time = "2023-10-02T18:20:09.195Z" },
    { url = "https://files.pythonhosted.org/packages/15/c6/7879a9ce4e91dc3552a9c2bbe5a4ad814ab6b5805b179a160f60039a52e0/coverage-7.3.2-cp310-cp310-musllinux_1_1_i686.whl", hash = "sha256:315a989e861031334d7bee1f9113c8770472db2ac484e5b8c3173428360a9148", size = 231749, upload-time = "2023-10-02T18:20:11.212Z" },
    { url = "https://files.pythonhosted.org/packages/06/85/e8a988c58b711b3f072e56dd4f1ff5f48392d618d4c2880d69934207472e/coverage-7.3.2-cp310-cp310-musllinux_1_1_x86_64.whl", hash = "sha256:d1bc430677773397f64a5c88cb522ea43175ff16f8bfcc89d467d974cb2274f9", size = 232944, upload-time = "2023-10-02T18:20:13.078Z" },
    { url = "https://files.pythonhosted.org/packages/ef/c3/51159a4a3331556b231bd0241e16c6d3b374c1da4dedf35614a27905c598/coverage-7.3.2-cp310-cp310-win32.whl", hash = "sha256:a889ae02f43aa45032afe364c8ae84ad3c54828c2faa44f3bfcafecb5c96b02f", size = 202293, upload-time = "2023-10-02T18:20:15.331Z" },
    { url = "https://files.pythonhosted.org/packages/17/2b/209c93095f9fc441396f131eb154d87c22c8b5056c795fcd529fcf5d1d0b/coverage-7.3.2-cp310-cp310-win_amd64.whl", hash = "sha256:c0ba320de3fb8c6ec16e0be17ee1d3d69adcda99406c43c0409cb5c41788a611", size = 203206, upload-time = "2023-10-02T18:20:17.144Z" },
    { url = "https://files.pythonhosted.org/packages/a9/6b/4d3b9ce8b79378f960e3b74bea4569daf6bd3e1d562a15c9ce4d40be182c/coverage-7.3.2-cp311-cp311-macosx_10_9_x86_64.whl", hash = "sha256:ac8c802fa29843a72d32ec56d0ca792ad15a302b28ca6203389afe21f8fa062c", size = 200019, upload-time = "2023-10-02T18:20:19.476Z" },
    { url = "https://files.pythonhosted.org/packages/0b/df/9283cc3e33342995971c30be0e32d05f680f1ad2a25e20eb9e5b978e56a9/coverage-7.3.2-cp311-cp311-macosx_11_0_arm64.whl", hash = "sha256:89a937174104339e3a3ffcf9f446c00e3a806c28b1841c63edb2b369310fd074", size = 200270, upload-time = "2023-10-02T18:20:21.192Z" },
    { url = "https://files.pythonhosted.org/packages/65/c8/9a592fe3d81cd67c3fa4f2b3ff2110c472da0176669405780c515e253ec1/coverage-7.3.2-cp311-cp311-manylinux_2_17_aarch64.manylinux2014_aarch64.whl", hash = "sha256:e267e9e2b574a176ddb983399dec325a80dbe161f1a32715c780b5d14b5f583a", size = 232056, upload-time = "2023-10-02T18:20:23.123Z" },
    { url = "https://files.pythonhosted.org/packages/22/bd/1915390d15093f8dfbb9c3b338f6da64be7d052e6a0e527e610f56d0d0ac/coverage-7.3.2-cp311-cp311-manylinux_2_5_i686.manylinux1_i686.manylinux_2_17_i686.manylinux2014_i686.whl", hash = "sha256:2443cbda35df0d35dcfb9bf8f3c02c57c1d6111169e3c85fc1fcc05e0c9f39a3", size = 229629, upload-time = "2023-10-02T18:20:25.585Z" },
    { url = "https://files.pythonhosted.org/packages/bc/01/bf243cf5c926681b35d0c6aa9a3b33da35ab65323c4a593d386b08a0249e/coverage-7.3.2-cp311-cp311-manylinux_2_5_x86_64.manylinux1_x86_64.manylinux_2_17_x86_64.manylinux2014_x86_64.whl", hash = "sha256:4175e10cc8dda0265653e8714b3174430b07c1dca8957f4966cbd6c2b1b8065a", size = 231351, upload-time = "2023-10-02T18:20:27.679Z" },
    { url = "https://files.pythonhosted.org/packages/15/ff/52ec70261daa45f2cba80a08e89fa27af103408c0aa9fcec2dc2d640d8ae/coverage-7.3.2-cp311-cp311-musllinux_1_1_aarch64.whl", hash = "sha256:0cbf38419fb1a347aaf63481c00f0bdc86889d9fbf3f25109cf96c26b403fda1", size = 240404, upload-time = "2023-10-02T18:20:29.752Z" },
    { url = "https://files.pythonhosted.org/packages/6d/c1/3a3bc844d94a2aaa0c45b3c2667d8867a1a5685aa467a664b82f95559807/coverage-7.3.2-cp311-cp311-musllinux_1_1_i686.whl", hash = "sha256:5c913b556a116b8d5f6ef834038ba983834d887d82187c8f73dec21049abd65c", size = 238799, upload-time = "2023-10-02T18:20:31.981Z" },
    { url = "https://files.pythonhosted.org/packages/c4/25/ed5279f2218f4c41854ba5c85cccd375d463a2994f052344cb0c86e6c1d7/coverage-7.3.2-cp311-cp311-musllinux_1_1_x86_64.whl", hash = "sha256:1981f785239e4e39e6444c63a98da3a1db8e971cb9ceb50a945ba6296b43f312", size = 239837, upload-time = "2023-10-02T18:20:34.356Z" },
    { url = "https://files.pythonhosted.org/packages/f0/f4/069a73ba15fad98930a23ce35ddd12b45b5a29ca8c065076b1f4c5475192/coverage-7.3.2-cp311-cp311-win32.whl", hash = "sha256:43668cabd5ca8258f5954f27a3aaf78757e6acf13c17604d89648ecc0cc66640", size = 202294, upload-time = "2023-10-02T18:20:35.937Z" },
    { url = "https://files.pythonhosted.org/packages/52/07/215f1373eeded0ba34fedc7d61ff72ae771705692dfead54e74a97bbbfbb/coverage-7.3.2-cp311-cp311-win_amd64.whl", hash = "sha256:e10c39c0452bf6e694511c901426d6b5ac005acc0f78ff265dbe36bf81f808a2", size = 203313, upload-time = "2023-10-02T18:20:37.524Z" },
    { url = "https://files.pythonhosted.org/packages/54/0a/4e9781bd1814eee3545b451bb680e9338dfecf9406316c0d2d148fd34d8b/coverage-7.3.2-cp312-cp312-macosx_10_9_x86_64.whl", hash = "sha256:4cbae1051ab791debecc4a5dcc4a1ff45fc27b91b9aee165c8a27514dd160836", size = 200108, upload-time = "2023-10-02T18:20:39.171Z" },
    { url = "https://files.pythonhosted.org/packages/92/c7/6723b42ee2776e5a7a5288aadf9562a69b67aa32260e4692dcfab5944fb5/coverage-7.3.2-cp312-cp312-macosx_11_0_arm64.whl", hash = "sha256:12d15ab5833a997716d76f2ac1e4b4d536814fc213c85ca72756c19e5a6b3d63", size = 200271, upload-time = "2023-10-02T18:20:40.957Z" },
    { url = "https://files.pythonhosted.org/packages/82/23/ca8de5b2629fb9891d2fd154054f79625e0f1fc141a348a834e0f131c3d8/coverage-7.3.2-cp312-cp312-manylinux_2_17_aarch64.manylinux2014_aarch64.whl", hash = "sha256:3c7bba973ebee5e56fe9251300c00f1579652587a9f4a5ed8404b15a0471f216", size = 232950, upload-time = "2023-10-02T18:20:42.82Z" },
    { url = "https://files.pythonhosted.org/packages/49/e2/a7a6451ca4e1e6676288632a948d7438e2c71206fc6c01328e7eb58f571d/coverage-7.3.2-cp312-cp312-manylinux_2_5_i686.manylinux1_i686.manylinux_2_17_i686.manylinux2014_i686.whl", hash = "sha256:fe494faa90ce6381770746077243231e0b83ff3f17069d748f645617cefe19d4", size = 230310, upload-time = "2023-10-02T18:20:45.054Z" },
    { url = "https://files.pythonhosted.org/packages/f2/f7/066ac34162f711a18abf90b6c2f277a976c9804c548bcd81f543e0996b27/coverage-7.3.2-cp312-cp312-manylinux_2_5_x86_64.manylinux1_x86_64.manylinux_2_17_x86_64.manylinux2014_x86_64.whl", hash = "sha256:f6e9589bd04d0461a417562649522575d8752904d35c12907d8c9dfeba588faf", size = 232257, upload-time = "2023-10-02T18:20:47.219Z" },
    { url = "https://files.pythonhosted.org/packages/ae/26/c8620a7af44920a493ed7cadffdbec925a75904fb10b6761330bc296b912/coverage-7.3.2-cp312-cp312-musllinux_1_1_aarch64.whl", hash = "sha256:d51ac2a26f71da1b57f2dc81d0e108b6ab177e7d30e774db90675467c847bbdf", size = 239148, upload-time = "2023-10-02T18:20:49.063Z" },
    { url = "https://files.pythonhosted.org/packages/c3/34/11cbe06528e41f489b9dc8a0a840447b4a10ad6b5263dba0cfefbf4b842a/coverage-7.3.2-cp312-cp312-musllinux_1_1_i686.whl", hash = "sha256:99b89d9f76070237975b315b3d5f4d6956ae354a4c92ac2388a5695516e47c84", size = 237085, upload-time = "2023-10-02T18:20:50.927Z" },
    { url = "https://files.pythonhosted.org/packages/d5/7a/979ae108c620be87affa06a1bf2fb238780cbc00ef1c24daa47dbf7460c3/coverage-7.3.2-cp312-cp312-musllinux_1_1_x86_64.whl", hash = "sha256:fa28e909776dc69efb6ed975a63691bc8172b64ff357e663a1bb06ff3c9b589a", size = 238774, upload-time = "2023-10-02T18:20:52.564Z" },
    { url = "https://files.pythonhosted.org/packages/3a/3e/2f179131b018bd3b55d886cf4b5b810cdc1f134c64eef155473ed83f1495/coverage-7.3.2-cp312-cp312-win32.whl", hash = "sha256:289fe43bf45a575e3ab10b26d7b6f2ddb9ee2dba447499f5401cfb5ecb8196bb", size = 202578, upload-time = "2023-10-02T18:20:54.164Z" },
    { url = "https://files.pythonhosted.org/packages/b3/8c/6fab0fbc3fdc67294dedaff88f232696121e677e103bc2bde501c11f2502/coverage-7.3.2-cp312-cp312-win_amd64.whl", hash = "sha256:7dbc3ed60e8659bc59b6b304b43ff9c3ed858da2839c78b804973f613d3e92ed", size = 203466, upload-time = "2023-10-02T18:20:55.906Z" },
    { url = "https://files.pythonhosted.org/packages/b4/c6/bce14878c5508300765059132672c525487302b9f30729d8abbb2471a18a/coverage-7.3.2-cp39-cp39-macosx_10_9_x86_64.whl", hash = "sha256:b631c92dfe601adf8f5ebc7fc13ced6bb6e9609b19d9a8cd59fa47c4186ad1ce", size = 199809, upload-time = "2023-10-02T18:21:18.528Z" },
    { url = "https://files.pythonhosted.org/packages/f0/e1/0972c5a06c4c2be4e44648cfdbc17f2baf71607222c7177952c83d9939aa/coverage-7.3.2-cp39-cp39-macosx_11_0_arm64.whl", hash = "sha256:d3d9df4051c4a7d13036524b66ecf7a7537d14c18a384043f30a303b146164e9", size = 200176, upload-time = "2023-10-02T18:21:21.016Z" },
    { url = "https://files.pythonhosted.org/packages/61/24/c2ffb7777863c805df8761eac1e9c2f176c2abf1e1195234517eafb69d68/coverage-7.3.2-cp39-cp39-manylinux_2_17_aarch64.manylinux2014_aarch64.whl", hash = "sha256:5f7363d3b6a1119ef05015959ca24a9afc0ea8a02c687fe7e2d557705375c01f", size = 228013, upload-time = "2023-10-02T18:21:22.695Z" },
    { url = "https://files.pythonhosted.org/packages/fe/aa/c78014c8292ce3167fe283206904c9a9e16c0f033e3a24282f50a81dc04a/coverage-7.3.2-cp39-cp39-manylinux_2_5_i686.manylinux1_i686.manylinux_2_17_i686.manylinux2014_i686.whl", hash = "sha256:2f11cc3c967a09d3695d2a6f03fb3e6236622b93be7a4b5dc09166a861be6d25", size = 226307, upload-time = "2023-10-02T18:21:24.392Z" },
    { url = "https://files.pythonhosted.org/packages/f1/e7/6d778d717d178c8c73103e2c467f3c8d8ebc9cacb825ebe3f3cf05e7c6df/coverage-7.3.2-cp39-cp39-manylinux_2_5_x86_64.manylinux1_x86_64.manylinux_2_17_x86_64.manylinux2014_x86_64.whl", hash = "sha256:149de1d2401ae4655c436a3dced6dd153f4c3309f599c3d4bd97ab172eaf02d9", size = 227086, upload-time = "2023-10-02T18:21:26.195Z" },
    { url = "https://files.pythonhosted.org/packages/6d/70/5e8f300eefd7d494538b906a5d6e891c77ff1f37696dcf6cf86379462e0a/coverage-7.3.2-cp39-cp39-musllinux_1_1_aarch64.whl", hash = "sha256:3a4006916aa6fee7cd38db3bfc95aa9c54ebb4ffbfc47c677c8bba949ceba0a6", size = 233139, upload-time = "2023-10-02T18:21:28.92Z" },
    { url = "https://files.pythonhosted.org/packages/7e/82/21e62bd33819427143a3c8368581c54dcf74fa5e7c0e7328239655c32062/coverage-7.3.2-cp39-cp39-musllinux_1_1_i686.whl", hash = "sha256:9028a3871280110d6e1aa2df1afd5ef003bab5fb1ef421d6dc748ae1c8ef2ebc", size = 231328, upload-time = "2023-10-02T18:21:30.983Z" },
    { url = "https://files.pythonhosted.org/packages/b0/4a/3b4400eb8e4e1455175370e2f10d1d388caba28123bb4870b7c0065764ea/coverage-7.3.2-cp39-cp39-musllinux_1_1_x86_64.whl", hash = "sha256:9f805d62aec8eb92bab5b61c0f07329275b6f41c97d80e847b03eb894f38d083", size = 232486, upload-time = "2023-10-02T18:21:32.954Z" },
    { url = "https://files.pythonhosted.org/packages/96/b4/0a4981518f349ee00871cc4b403bc12f4e5385093dc7f25ad94508eeac5d/coverage-7.3.2-cp39-cp39-win32.whl", hash = "sha256:d1c88ec1a7ff4ebca0219f5b1ef863451d828cccf889c173e1253aa84b1e07ce", size = 202315, upload-time = "2023-10-02T18:21:35.235Z" },
    { url = "https://files.pythonhosted.org/packages/9e/20/3aec615a2f1f401dc70b96396a7b82b80a71f49d4258fd5bb7edcfd68be8/coverage-7.3.2-cp39-cp39-win_amd64.whl", hash = "sha256:b4767da59464bb593c07afceaddea61b154136300881844768037fd5e859353f", size = 203223, upload-time = "2023-10-02T18:21:37.58Z" },
    { url = "https://files.pythonhosted.org/packages/25/26/b1e4533eb8e6eb80a61e442a61f86c55a962a6693114053a790870f1d37f/coverage-7.3.2-pp38.pp39.pp310-none-any.whl", hash = "sha256:ae97af89f0fbf373400970c0a21eef5aa941ffeed90aee43650b81f7d7f47637", size = 192407, upload-time = "2023-10-02T18:21:39.396Z" },
]

[package.optional-dependencies]
toml = [
    { name = "tomli", marker = "python_full_version <= '3.11'" },
]

[[package]]
name = "exceptiongroup"
version = "1.1.3"
source = { registry = "https://pypi.org/simple" }
sdist = { url = "https://files.pythonhosted.org/packages/c2/e1/5561ad26f99b7779c28356f73f69a8b468ef491d0f6adf20d7ed0ac98ec1/exceptiongroup-1.1.3.tar.gz", hash = "sha256:097acd85d473d75af5bb98e41b61ff7fe35efe6675e4f9370ec6ec5126d160e9", size = 23776, upload-time = "2023-08-14T12:27:23.251Z" }
wheels = [
    { url = "https://files.pythonhosted.org/packages/ad/83/b71e58666f156a39fb29417e4c8ca4bc7400c0dd4ed9e8842ab54dc8c344/exceptiongroup-1.1.3-py3-none-any.whl", hash = "sha256:343280667a4585d195ca1cf9cef84a4e178c4b6cf2274caef9859782b567d5e3", size = 14710, upload-time = "2023-08-14T12:27:21.766Z" },
]

[[package]]
name = "iniconfig"
version = "2.0.0"
source = { registry = "https://pypi.org/simple" }
sdist = { url = "https://files.pythonhosted.org/packages/d7/4b/cbd8e699e64a6f16ca3a8220661b5f83792b3017d0f79807cb8708d33913/iniconfig-2.0.0.tar.gz", hash = "sha256:2d91e135bf72d31a410b17c16da610a82cb55f6b0477d1a902134b24a455b8b3", size = 4646, upload-time = "2023-01-07T11:08:11.254Z" }
wheels = [
    { url = "https://files.pythonhosted.org/packages/ef/a6/62565a6e1cf69e10f5727360368e451d4b7f58beeac6173dc9db836a5b46/iniconfig-2.0.0-py3-none-any.whl", hash = "sha256:b6a85871a79d2e3b22d2d1b94ac2824226a63c6b741c88f7ae975f18b6778374", size = 5892, upload-time = "2023-01-07T11:08:09.864Z" },
]

[[package]]
name = "mypy"
version = "1.5.1"
source = { registry = "https://pypi.org/simple" }
dependencies = [
    { name = "mypy-extensions" },
    { name = "tomli", marker = "python_full_version < '3.11'" },
    { name = "typing-extensions" },
]
sdist = { url = "https://files.pythonhosted.org/packages/33/f9/c84b68e4a754f5ce200dcf0786aa489164fa9d9dee84e375bd7d99caf637/mypy-1.5.1.tar.gz", hash = "sha256:b031b9601f1060bf1281feab89697324726ba0c0bae9d7cd7ab4b690940f0b92", size = 2891640, upload-time = "2023-08-16T16:54:46.922Z" }
wheels = [
    { url = "https://files.pythonhosted.org/packages/e3/f2/f423ed3f405d5986e90990464cdc717a7745837e152400f4e8d6be965a35/mypy-1.5.1-cp310-cp310-macosx_10_9_x86_64.whl", hash = "sha256:f33592ddf9655a4894aef22d134de7393e95fcbdc2d15c1ab65828eee5c66c70", size = 10572983, upload-time = "2023-08-16T16:53:18.826Z" },
    { url = "https://files.pythonhosted.org/packages/51/6c/b806cf96ca3236709ae41ff8fecb9c983e95c4ac9c84ccd0a7ae74230792/mypy-1.5.1-cp310-cp310-macosx_11_0_arm64.whl", hash = "sha256:258b22210a4a258ccd077426c7a181d789d1121aca6db73a83f79372f5569ae0", size = 9647774, upload-time = "2023-08-16T16:54:39.365Z" },
    { url = "https://files.pythonhosted.org/packages/6c/92/68315e0aec041c4a5c720289f6c3ff1234742362659f3229e1668898c250/mypy-1.5.1-cp310-cp310-manylinux_2_17_x86_64.manylinux2014_x86_64.whl", hash = "sha256:a9ec1f695f0c25986e6f7f8778e5ce61659063268836a38c951200c57479cc12", size = 12106090, upload-time = "2023-08-16T16:54:30.336Z" },
    { url = "https://files.pythonhosted.org/packages/9d/5f/6ccabe78465c6b82a08519a52a7ffdcc450edbe7e338a223e3169cda588e/mypy-1.5.1-cp310-cp310-musllinux_1_1_x86_64.whl", hash = "sha256:abed92d9c8f08643c7d831300b739562b0a6c9fcb028d211134fc9ab20ccad5d", size = 12176875, upload-time = "2023-08-16T16:54:43.569Z" },
    { url = "https://files.pythonhosted.org/packages/27/e8/15e7c722cc0196a0ba296f86b68497c5de3b662ba6bf2c9eaabd18462974/mypy-1.5.1-cp310-cp310-win_amd64.whl", hash = "sha256:a156e6390944c265eb56afa67c74c0636f10283429171018446b732f1a05af25", size = 8921319, upload-time = "2023-08-16T16:54:17.86Z" },
    { url = "https://files.pythonhosted.org/packages/f5/e9/0207b4be5f20b15a2a8fc5507941cbf18887c026d21486ad62dd65054dc1/mypy-1.5.1-cp311-cp311-macosx_10_9_x86_64.whl", hash = "sha256:6ac9c21bfe7bc9f7f1b6fae441746e6a106e48fc9de530dea29e8cd37a2c0cc4", size = 10463137, upload-time = "2023-08-16T16:53:22.373Z" },
    { url = "https://files.pythonhosted.org/packages/3b/62/e4a096ff55326bddc51f2a532cede2fa2f5d02930e1085aaa4e46bf64dd7/mypy-1.5.1-cp311-cp311-macosx_11_0_arm64.whl", hash = "sha256:51cb1323064b1099e177098cb939eab2da42fea5d818d40113957ec954fc85f4", size = 9543725, upload-time = "2023-08-16T16:54:01.624Z" },
    { url = "https://files.pythonhosted.org/packages/66/51/6ef9d704c9d1f2197e2b966d0e50948879b97c6057f2652a9ba28e563c08/mypy-1.5.1-cp311-cp311-manylinux_2_17_x86_64.manylinux2014_x86_64.whl", hash = "sha256:596fae69f2bfcb7305808c75c00f81fe2829b6236eadda536f00610ac5ec2243", size = 11988272, upload-time = "2023-08-16T16:54:09.856Z" },
    { url = "https://files.pythonhosted.org/packages/04/ba/117a7497a714a8a62867e752fd8ba63eeac8e9a46bc9fc24bd85b00c2c84/mypy-1.5.1-cp311-cp311-musllinux_1_1_x86_64.whl", hash = "sha256:32cb59609b0534f0bd67faebb6e022fe534bdb0e2ecab4290d683d248be1b275", size = 12067086, upload-time = "2023-08-16T16:53:48.669Z" },
    { url = "https://files.pythonhosted.org/packages/4e/11/ac861ca5d9b16fd5b781c1941254d4e382e8eaab90e11f41f193d9222b7e/mypy-1.5.1-cp311-cp311-win_amd64.whl", hash = "sha256:159aa9acb16086b79bbb0016145034a1a05360626046a929f84579ce1666b315", size = 8914287, upload-time = "2023-08-16T16:53:58.067Z" },
    { url = "https://files.pythonhosted.org/packages/ff/87/7a81805e19648bc1f27569b1897774106aeca917b91a99998efb9a351525/mypy-1.5.1-cp312-cp312-macosx_10_9_x86_64.whl", hash = "sha256:f6b0e77db9ff4fda74de7df13f30016a0a663928d669c9f2c057048ba44f09bb", size = 10518948, upload-time = "2023-08-16T16:53:30.855Z" },
    { url = "https://files.pythonhosted.org/packages/e3/da/71b2bcbf64a1e51dd668ce1b9a149c4bdada0fb1b8cd023b7087bf6c0ab0/mypy-1.5.1-cp312-cp312-macosx_11_0_arm64.whl", hash = "sha256:26f71b535dfc158a71264e6dc805a9f8d2e60b67215ca0bfa26e2e1aa4d4d373", size = 9511651, upload-time = "2023-08-16T16:54:14.149Z" },
    { url = "https://files.pythonhosted.org/packages/bb/a1/eb6754a227d1b94058856962a5726e519abbb89433094111eff52e405af0/mypy-1.5.1-cp312-cp312-manylinux_2_17_x86_64.manylinux2014_x86_64.whl", hash = "sha256:2fc3a600f749b1008cc75e02b6fb3d4db8dbcca2d733030fe7a3b3502902f161", size = 12025737, upload-time = "2023-08-16T16:54:35.348Z" },
    { url = "https://files.pythonhosted.org/packages/e3/41/8c200b001eba5cfa4f3b12abc9892b5af372da4613e77f1819cc08e2c15f/mypy-1.5.1-cp312-cp312-musllinux_1_1_x86_64.whl", hash = "sha256:26fb32e4d4afa205b24bf645eddfbb36a1e17e995c5c99d6d00edb24b693406a", size = 12123565, upload-time = "2023-08-16T16:53:14.683Z" },
    { url = "https://files.pythonhosted.org/packages/9c/b0/b9cb9ac4253d67442f3717befc5c39eff80c4d5a3b675414a281f6fbd486/mypy-1.5.1-cp312-cp312-win_amd64.whl", hash = "sha256:82cb6193de9bbb3844bab4c7cf80e6227d5225cc7625b068a06d005d861ad5f1", size = 9005729, upload-time = "2023-08-16T16:54:05.454Z" },
    { url = "https://files.pythonhosted.org/packages/08/dc/3d8800a45ff8b7a38125547acaf6060fda9924e855ece67ff721febf5437/mypy-1.5.1-cp39-cp39-macosx_10_9_x86_64.whl", hash = "sha256:8f772942d372c8cbac575be99f9cc9d9fb3bd95c8bc2de6c01411e2c84ebca8a", size = 10569914, upload-time = "2023-08-16T16:53:42.549Z" },
    { url = "https://files.pythonhosted.org/packages/c1/6d/755ef7671bc01e2990dbd0054bd1855786b749764e35724be22d2d64c11d/mypy-1.5.1-cp39-cp39-macosx_11_0_arm64.whl", hash = "sha256:5d627124700b92b6bbaa99f27cbe615c8ea7b3402960f6372ea7d65faf376c14", size = 9645523, upload-time = "2023-08-16T16:53:35.041Z" },
    { url = "https://files.pythonhosted.org/packages/63/20/c55a48793a30b0786755c108d81406ce43604bc600cdcd4990cb62b37cb8/mypy-1.5.1-cp39-cp39-manylinux_2_17_x86_64.manylinux2014_x86_64.whl", hash = "sha256:361da43c4f5a96173220eb53340ace68cda81845cd88218f8862dfb0adc8cddb", size = 12100953, upload-time = "2023-08-16T16:53:26.484Z" },
    { url = "https://files.pythonhosted.org/packages/42/7a/92845ec0a26900f5de0eeedb66ae4d5ae66c557d080c22fac4f97c4f2574/mypy-1.5.1-cp39-cp39-musllinux_1_1_x86_64.whl", hash = "sha256:330857f9507c24de5c5724235e66858f8364a0693894342485e543f5b07c8693", size = 12174627, upload-time = "2023-08-16T16:53:05.549Z" },
    { url = "https://files.pythonhosted.org/packages/c3/e5/d0314a7cc4c11a4ce4a96cac9757630436a5d3fcbb6d10b04e2253cfd6a3/mypy-1.5.1-cp39-cp39-win_amd64.whl", hash = "sha256:c543214ffdd422623e9fedd0869166c2f16affe4ba37463975043ef7d2ea8770", size = 8918346, upload-time = "2023-08-16T16:53:08.791Z" },
    { url = "https://files.pythonhosted.org/packages/d7/e0/4f80f9d3a7dffb97d7ba3b2eb6b06011d311bfd645727e51b003db482d48/mypy-1.5.1-py3-none-any.whl", hash = "sha256:f757063a83970d67c444f6e01d9550a7402322af3557ce7630d3c957386fa8f5", size = 2483733, upload-time = "2023-08-16T16:52:59.198Z" },
]

[[package]]
name = "mypy-extensions"
version = "1.0.0"
source = { registry = "https://pypi.org/simple" }
sdist = { url = "https://files.pythonhosted.org/packages/98/a4/1ab47638b92648243faf97a5aeb6ea83059cc3624972ab6b8d2316078d3f/mypy_extensions-1.0.0.tar.gz", hash = "sha256:75dbf8955dc00442a438fc4d0666508a9a97b6bd41aa2f0ffe9d2f2725af0782", size = 4433, upload-time = "2023-02-04T12:11:27.157Z" }
wheels = [
    { url = "https://files.pythonhosted.org/packages/2a/e2/5d3f6ada4297caebe1a2add3b126fe800c96f56dbe5d1988a2cbe0b267aa/mypy_extensions-1.0.0-py3-none-any.whl", hash = "sha256:4392f6c0eb8a5668a69e23d168ffa70f0be9ccfd32b5cc2d26a34ae5b844552d", size = 4695, upload-time = "2023-02-04T12:11:25.002Z" },
]

[[package]]
name = "packaging"
version = "23.2"
source = { registry = "https://pypi.org/simple" }
sdist = { url = "https://files.pythonhosted.org/packages/fb/2b/9b9c33ffed44ee921d0967086d653047286054117d584f1b1a7c22ceaf7b/packaging-23.2.tar.gz", hash = "sha256:048fb0e9405036518eaaf48a55953c750c11e1a1b68e0dd1a9d62ed0c092cfc5", size = 146714, upload-time = "2023-10-01T13:50:05.279Z" }
wheels = [
    { url = "https://files.pythonhosted.org/packages/ec/1a/610693ac4ee14fcdf2d9bf3c493370e4f2ef7ae2e19217d7a237ff42367d/packaging-23.2-py3-none-any.whl", hash = "sha256:8c491190033a9af7e1d931d0b5dacc2ef47509b34dd0de67ed209b5203fc88c7", size = 53011, upload-time = "2023-10-01T13:50:03.745Z" },
]

[[package]]
name = "pluggy"
version = "1.3.0"
source = { registry = "https://pypi.org/simple" }
sdist = { url = "https://files.pythonhosted.org/packages/36/51/04defc761583568cae5fd533abda3d40164cbdcf22dee5b7126ffef68a40/pluggy-1.3.0.tar.gz", hash = "sha256:cf61ae8f126ac6f7c451172cf30e3e43d3ca77615509771b3a984a0730651e12", size = 63670, upload-time = "2023-08-26T19:10:20.544Z" }
wheels = [
    { url = "https://files.pythonhosted.org/packages/05/b8/42ed91898d4784546c5f06c60506400548db3f7a4b3fb441cba4e5c17952/pluggy-1.3.0-py3-none-any.whl", hash = "sha256:d89c696a773f8bd377d18e5ecda92b7a3793cbe66c87060a6fb58c7b6e1061f7", size = 18934, upload-time = "2023-08-26T19:10:18.887Z" },
]

[[package]]
name = "pytest"
version = "7.4.2"
source = { registry = "https://pypi.org/simple" }
dependencies = [
    { name = "colorama", marker = "sys_platform == 'win32'" },
    { name = "exceptiongroup", marker = "python_full_version < '3.11'" },
    { name = "iniconfig" },
    { name = "packaging" },
    { name = "pluggy" },
    { name = "tomli", marker = "python_full_version < '3.11'" },
]
sdist = { url = "https://files.pythonhosted.org/packages/e5/d0/18209bb95db8ee693a9a04fe056ab0663c6d6b1baf67dd50819dd9cd4bd7/pytest-7.4.2.tar.gz", hash = "sha256:a766259cfab564a2ad52cb1aae1b881a75c3eb7e34ca3779697c23ed47c47069", size = 1354640, upload-time = "2023-09-07T18:45:54.667Z" }
wheels = [
    { url = "https://files.pythonhosted.org/packages/df/d0/e192c4275aecabf74faa1aacd75ef700091913236ec78b1a98f62a2412ee/pytest-7.4.2-py3-none-any.whl", hash = "sha256:1d881c6124e08ff0a1bb75ba3ec0bfd8b5354a01c194ddd5a0a870a48d99b002", size = 324497, upload-time = "2023-09-07T18:45:52.001Z" },
]

[[package]]
name = "pytest-cov"
version = "4.1.0"
source = { registry = "https://pypi.org/simple" }
dependencies = [
    { name = "coverage", extra = ["toml"] },
    { name = "pytest" },
]
sdist = { url = "https://files.pythonhosted.org/packages/7a/15/da3df99fd551507694a9b01f512a2f6cf1254f33601605843c3775f39460/pytest-cov-4.1.0.tar.gz", hash = "sha256:3904b13dfbfec47f003b8e77fd5b589cd11904a21ddf1ab38a64f204d6a10ef6", size = 63245, upload-time = "2023-05-24T18:44:56.845Z" }
wheels = [
    { url = "https://files.pythonhosted.org/packages/a7/4b/8b78d126e275efa2379b1c2e09dc52cf70df16fc3b90613ef82531499d73/pytest_cov-4.1.0-py3-none-any.whl", hash = "sha256:6ba70b9e97e69fcc3fb45bfeab2d0a138fb65c4d0d6a41ef33983ad114be8c3a", size = 21949, upload-time = "2023-05-24T18:44:54.079Z" },
]

[[package]]
name = "ruff"
version = "0.14.14"
source = { registry = "https://pypi.org/simple" }
sdist = { url = "https://files.pythonhosted.org/packages/2e/06/f71e3a86b2df0dfa2d2f72195941cd09b44f87711cb7fa5193732cb9a5fc/ruff-0.14.14.tar.gz", hash = "sha256:2d0f819c9a90205f3a867dbbd0be083bee9912e170fd7d9704cc8ae45824896b", size = 4515732, upload-time = "2026-01-22T22:30:17.527Z" }
wheels = [
    { url = "https://files.pythonhosted.org/packages/d2/89/20a12e97bc6b9f9f68343952da08a8099c57237aef953a56b82711d55edd/ruff-0.14.14-py3-none-linux_armv6l.whl", hash = "sha256:7cfe36b56e8489dee8fbc777c61959f60ec0f1f11817e8f2415f429552846aed", size = 10467650, upload-time = "2026-01-22T22:30:08.578Z" },
    { url = "https://files.pythonhosted.org/packages/a3/b1/c5de3fd2d5a831fcae21beda5e3589c0ba67eec8202e992388e4b17a6040/ruff-0.14.14-py3-none-macosx_10_12_x86_64.whl", hash = "sha256:6006a0082336e7920b9573ef8a7f52eec837add1265cc74e04ea8a4368cd704c", size = 10883245, upload-time = "2026-01-22T22:30:04.155Z" },
    { url = "https://files.pythonhosted.org/packages/b8/7c/3c1db59a10e7490f8f6f8559d1db8636cbb13dccebf18686f4e3c9d7c772/ruff-0.14.14-py3-none-macosx_11_0_arm64.whl", hash = "sha256:026c1d25996818f0bf498636686199d9bd0d9d6341c9c2c3b62e2a0198b758de", size = 10231273, upload-time = "2026-01-22T22:30:34.642Z" },
    { url = "https://files.pythonhosted.org/packages/a1/6e/5e0e0d9674be0f8581d1f5e0f0a04761203affce3232c1a1189d0e3b4dad/ruff-0.14.14-py3-none-manylinux_2_17_aarch64.manylinux2014_aarch64.whl", hash = "sha256:f666445819d31210b71e0a6d1c01e24447a20b85458eea25a25fe8142210ae0e", size = 10585753, upload-time = "2026-01-22T22:30:31.781Z" },
    { url = "https://files.pythonhosted.org/packages/23/09/754ab09f46ff1884d422dc26d59ba18b4e5d355be147721bb2518aa2a014/ruff-0.14.14-py3-none-manylinux_2_17_armv7l.manylinux2014_armv7l.whl", hash = "sha256:3c0f18b922c6d2ff9a5e6c3ee16259adc513ca775bcf82c67ebab7cbd9da5bc8", size = 10286052, upload-time = "2026-01-22T22:30:24.827Z" },
    { url = "https://files.pythonhosted.org/packages/c8/cc/e71f88dd2a12afb5f50733851729d6b571a7c3a35bfdb16c3035132675a0/ruff-0.14.14-py3-none-manylinux_2_17_i686.manylinux2014_i686.whl", hash = "sha256:1629e67489c2dea43e8658c3dba659edbfd87361624b4040d1df04c9740ae906", size = 11043637, upload-time = "2026-01-22T22:30:13.239Z" },
    { url = "https://files.pythonhosted.org/packages/67/b2/397245026352494497dac935d7f00f1468c03a23a0c5db6ad8fc49ca3fb2/ruff-0.14.14-py3-none-manylinux_2_17_ppc64.manylinux2014_ppc64.whl", hash = "sha256:27493a2131ea0f899057d49d303e4292b2cae2bb57253c1ed1f256fbcd1da480", size = 12194761, upload-time = "2026-01-22T22:30:22.542Z" },
    { url = "https://files.pythonhosted.org/packages/5b/06/06ef271459f778323112c51b7587ce85230785cd64e91772034ddb88f200/ruff-0.14.14-py3-none-manylinux_2_17_ppc64le.manylinux2014_ppc64le.whl", hash = "sha256:01ff589aab3f5b539e35db38425da31a57521efd1e4ad1ae08fc34dbe30bd7df", size = 12005701, upload-time = "2026-01-22T22:30:20.499Z" },
    { url = "https://files.pythonhosted.org/packages/41/d6/99364514541cf811ccc5ac44362f88df66373e9fec1b9d1c4cc830593fe7/ruff-0.14.14-py3-none-manylinux_2_17_s390x.manylinux2014_s390x.whl", hash = "sha256:1cc12d74eef0f29f51775f5b755913eb523546b88e2d733e1d701fe65144e89b", size = 11282455, upload-time = "2026-01-22T22:29:59.679Z" },
    { url = "https://files.pythonhosted.org/packages/ca/71/37daa46f89475f8582b7762ecd2722492df26421714a33e72ccc9a84d7a5/ruff-0.14.14-py3-none-manylinux_2_17_x86_64.manylinux2014_x86_64.whl", hash = "sha256:bb8481604b7a9e75eff53772496201690ce2687067e038b3cc31aaf16aa0b974", size = 11215882, upload-time = "2026-01-22T22:29:57.032Z" },
    { url = "https://files.pythonhosted.org/packages/2c/10/a31f86169ec91c0705e618443ee74ede0bdd94da0a57b28e72db68b2dbac/ruff-0.14.14-py3-none-manylinux_2_31_riscv64.whl", hash = "sha256:14649acb1cf7b5d2d283ebd2f58d56b75836ed8c6f329664fa91cdea19e76e66", size = 11180549, upload-time = "2026-01-22T22:30:27.175Z" },
    { url = "https://files.pythonhosted.org/packages/fd/1e/c723f20536b5163adf79bdd10c5f093414293cdf567eed9bdb7b83940f3f/ruff-0.14.14-py3-none-musllinux_1_2_aarch64.whl", hash = "sha256:e8058d2145566510790eab4e2fad186002e288dec5e0d343a92fe7b0bc1b3e13", size = 10543416, upload-time = "2026-01-22T22:30:01.964Z" },
    { url = "https://files.pythonhosted.org/packages/3e/34/8a84cea7e42c2d94ba5bde1d7a4fae164d6318f13f933d92da6d7c2041ff/ruff-0.14.14-py3-none-musllinux_1_2_armv7l.whl", hash = "sha256:e651e977a79e4c758eb807f0481d673a67ffe53cfa92209781dfa3a996cf8412", size = 10285491, upload-time = "2026-01-22T22:30:29.51Z" },
    { url = "https://files.pythonhosted.org/packages/55/ef/b7c5ea0be82518906c978e365e56a77f8de7678c8bb6651ccfbdc178c29f/ruff-0.14.14-py3-none-musllinux_1_2_i686.whl", hash = "sha256:cc8b22da8d9d6fdd844a68ae937e2a0adf9b16514e9a97cc60355e2d4b219fc3", size = 10733525, upload-time = "2026-01-22T22:30:06.499Z" },
    { url = "https://files.pythonhosted.org/packages/6a/5b/aaf1dfbcc53a2811f6cc0a1759de24e4b03e02ba8762daabd9b6bd8c59e3/ruff-0.14.14-py3-none-musllinux_1_2_x86_64.whl", hash = "sha256:16bc890fb4cc9781bb05beb5ab4cd51be9e7cb376bf1dd3580512b24eb3fda2b", size = 11315626, upload-time = "2026-01-22T22:30:36.848Z" },
    { url = "https://files.pythonhosted.org/packages/2c/aa/9f89c719c467dfaf8ad799b9bae0df494513fb21d31a6059cb5870e57e74/ruff-0.14.14-py3-none-win32.whl", hash = "sha256:b530c191970b143375b6a68e6f743800b2b786bbcf03a7965b06c4bf04568167", size = 10502442, upload-time = "2026-01-22T22:30:38.93Z" },
    { url = "https://files.pythonhosted.org/packages/87/44/90fa543014c45560cae1fffc63ea059fb3575ee6e1cb654562197e5d16fb/ruff-0.14.14-py3-none-win_amd64.whl", hash = "sha256:3dde1435e6b6fe5b66506c1dff67a421d0b7f6488d466f651c07f4cab3bf20fd", size = 11630486, upload-time = "2026-01-22T22:30:10.852Z" },
    { url = "https://files.pythonhosted.org/packages/9e/6a/40fee331a52339926a92e17ae748827270b288a35ef4a15c9c8f2ec54715/ruff-0.14.14-py3-none-win_arm64.whl", hash = "sha256:56e6981a98b13a32236a72a8da421d7839221fa308b223b9283312312e5ac76c", size = 10920448, upload-time = "2026-01-22T22:30:15.417Z" },
]

[[package]]
name = "tomli"
version = "2.0.1"
source = { registry = "https://pypi.org/simple" }
sdist = { url = "https://files.pythonhosted.org/packages/c0/3f/d7af728f075fb08564c5949a9c95e44352e23dee646869fa104a3b2060a3/tomli-2.0.1.tar.gz", hash = "sha256:de526c12914f0c550d15924c62d72abc48d6fe7364aa87328337a31007fe8a4f", size = 15164, upload-time = "2022-02-08T10:54:04.006Z" }
wheels = [
    { url = "https://files.pythonhosted.org/packages/97/75/10a9ebee3fd790d20926a90a2547f0bf78f371b2f13aa822c759680ca7b9/tomli-2.0.1-py3-none-any.whl", hash = "sha256:939de3e7a6161af0c887ef91b7d41a53e7c5a1ca976325f429cb46ea9bc30ecc", size = 12757, upload-time = "2022-02-08T10:54:02.017Z" },
]

[[package]]
name = "typing-extensions"
version = "4.8.0"
source = { registry = "https://pypi.org/simple" }
sdist = { url = "https://files.pythonhosted.org/packages/1f/7a/8b94bb016069caa12fc9f587b28080ac33b4fbb8ca369b98bc0a4828543e/typing_extensions-4.8.0.tar.gz", hash = "sha256:df8e4339e9cb77357558cbdbceca33c303714cf861d1eef15e1070055ae8b7ef", size = 71456, upload-time = "2023-09-18T04:01:56.846Z" }
wheels = [
    { url = "https://files.pythonhosted.org/packages/24/21/7d397a4b7934ff4028987914ac1044d3b7d52712f30e2ac7a2ae5bc86dd0/typing_extensions-4.8.0-py3-none-any.whl", hash = "sha256:8f92fc8806f9a6b641eaa5318da32b44d401efaac0f6678c9bc448ba3605faa0", size = 31584, upload-time = "2023-09-18T04:01:55.398Z" },
]
